
Microsoft Visual Studio Solution File, Format Version 12.00
# Visual Studio 2012
Project("{2150E333-8FDC-42A3-9474-1A3956D46DE8}") = ".nuget", ".nuget", "{42F61945-1D0B-4F33-9243-8C9401DBF81B}"
	ProjectSection(SolutionItems) = preProject
		.nuget\NuGet.Config = .nuget\NuGet.Config
		.nuget\NuGet.exe = .nuget\NuGet.exe
		.nuget\NuGet.targets = .nuget\NuGet.targets
	EndProjectSection
EndProject
Project("{FAE04EC0-301F-11D3-BF4B-00C04F79EFBC}") = "ServiceBus.Core", "ServiceBus.Core\ServiceBus.Core.csproj", "{2DF282BD-1565-4D4E-9F73-972AAF9B98E4}"
EndProject
Project("{FAE04EC0-301F-11D3-BF4B-00C04F79EFBC}") = "ServiceBus.Web.Mvc", "ServiceBus.Web.Mvc\ServiceBus.Web.Mvc.csproj", "{2A267688-0909-420B-825F-1468EE68BA22}"
EndProject
Project("{FAE04EC0-301F-11D3-BF4B-00C04F79EFBC}") = "ServiceBus.Transport.Http", "ServiceBus.Transport.Http\ServiceBus.Transport.Http.csproj", "{BFD0910F-4720-45CE-BCDD-960440EF0ADC}"
EndProject
Global
	GlobalSection(SolutionConfigurationPlatforms) = preSolution
		Debug|Any CPU = Debug|Any CPU
		Release|Any CPU = Release|Any CPU
	EndGlobalSection
	GlobalSection(ProjectConfigurationPlatforms) = postSolution
		{2DF282BD-1565-4D4E-9F73-972AAF9B98E4}.Debug|Any CPU.ActiveCfg = Debug|Any CPU
		{2DF282BD-1565-4D4E-9F73-972AAF9B98E4}.Debug|Any CPU.Build.0 = Debug|Any CPU
		{2DF282BD-1565-4D4E-9F73-972AAF9B98E4}.Release|Any CPU.ActiveCfg = Release|Any CPU
		{2DF282BD-1565-4D4E-9F73-972AAF9B98E4}.Release|Any CPU.Build.0 = Release|Any CPU
		{2A267688-0909-420B-825F-1468EE68BA22}.Debug|Any CPU.ActiveCfg = Debug|Any CPU
		{2A267688-0909-420B-825F-1468EE68BA22}.Debug|Any CPU.Build.0 = Debug|Any CPU
		{2A267688-0909-420B-825F-1468EE68BA22}.Release|Any CPU.ActiveCfg = Release|Any CPU
		{2A267688-0909-420B-825F-1468EE68BA22}.Release|Any CPU.Build.0 = Release|Any CPU
		{BFD0910F-4720-45CE-BCDD-960440EF0ADC}.Debug|Any CPU.ActiveCfg = Debug|Any CPU
		{BFD0910F-4720-45CE-BCDD-960440EF0ADC}.Debug|Any CPU.Build.0 = Debug|Any CPU
		{BFD0910F-4720-45CE-BCDD-960440EF0ADC}.Release|Any CPU.ActiveCfg = Release|Any CPU
		{BFD0910F-4720-45CE-BCDD-960440EF0ADC}.Release|Any CPU.Build.0 = Release|Any CPU
	EndGlobalSection
	GlobalSection(SolutionProperties) = preSolution
		HideSolutionNode = FALSE
	EndGlobalSection
EndGlobal
